<?xml version="1.0" encoding="UTF-8"?>
<Scheme
   LastUpgradeVersion = "1430"
   version = "1.7">
   <BuildAction
      parallelizeBuildables = "YES"
      buildImplicitDependencies = "YES"
      runPostActionsOnFailure = "NO">
      <BuildActionEntries>
         <BuildActionEntry
            buildForTesting = "YES"
            buildForRunning = "YES"
            buildForProfiling = "YES"
            buildForArchiving = "YES"
            buildForAnalyzing = "YES">
            <BuildableReference
               BuildableIdentifier = "primary"
               BlueprintIdentifier = "5070ECADF22B931C3E6CEB06"
               BuildableName = "Background Engine.app"
               BlueprintName = "BackgroundEngineApp"
               ReferencedContainer = "container:Background Engine.xcodeproj">
            </BuildableReference>
         </BuildActionEntry>
         <BuildActionEntry
            buildForTesting = "YES"
            buildForRunning = "YES"
            buildForProfiling = "YES"
            buildForArchiving = "YES"
            buildForAnalyzing = "YES">
            <BuildableReference
               BuildableIdentifier = "primary"
               BlueprintIdentifier = "96A9BE7DF3DA5FC13D70E561"
               BuildableName = "BackgroundEngineScreenSaver.bundle"
               BlueprintName = "BackgroundEngineScreenSaver"
               ReferencedContainer = "container:Background Engine.xcodeproj">
            </BuildableReference>
         </BuildActionEntry>
         <BuildActionEntry
            buildForTesting = "YES"
            buildForRunning = "YES"
            buildForProfiling = "YES"
            buildForArchiving = "YES"
            buildForAnalyzing = "YES">
            <BuildableReference
               BuildableIdentifier = "primary"
               BlueprintIdentifier = "1E4E7FA25430FDC505C3E9AB"
               BuildableName = "BackgroundEngineSteamCMDRunner.xpc"
               BlueprintName = "BackgroundEngineSteamCMDRunner"
               ReferencedContainer = "container:Background Engine.xcodeproj">
            </BuildableReference>
         </BuildActionEntry>
      </BuildActionEntries>
   </BuildAction>
   <TestAction
      buildConfiguration = "Debug"
      selectedDebuggerIdentifier = "Xcode.DebuggerFoundation.Debugger.LLDB"
      selectedLauncherIdentifier = "Xcode.DebuggerFoundation.Launcher.LLDB"
      shouldUseLaunchSchemeArgsEnv = "NO"
      codeCoverageEnabled = "YES"
      onlyGenerateCoverageForSpecifiedTargets = "NO">
      <MacroExpansion>
         <BuildableReference
            BuildableIdentifier = "primary"
            BlueprintIdentifier = "5070ECADF22B931C3E6CEB06"
            BuildableName = "Background Engine.app"
            BlueprintName = "BackgroundEngineApp"
            ReferencedContainer = "container:Background Engine.xcodeproj">
         </BuildableReference>
      </MacroExpansion>
      <Testables>
         <TestableReference
            skipped = "NO"
            parallelizable = "NO">
            <BuildableReference
               BuildableIdentifier = "primary"
               BlueprintIdentifier = "D2902CDEDBC81F747AFDA9EA"
               BuildableName = "BackgroundEngineCoreTests.xctest"
               BlueprintName = "BackgroundEngineCoreTests"
               ReferencedContainer = "container:Background Engine.xcodeproj">
            </BuildableReference>
         </TestableReference>
         <TestableReference
            skipped = "NO"
            parallelizable = "NO">
            <BuildableReference
               BuildableIdentifier = "primary"
               BlueprintIdentifier = "B77F8642EBF86773D0712ADE"
               BuildableName = "BackgroundEngineAppTests.xctest"
               BlueprintName = "BackgroundEngineAppTests"
               ReferencedContainer = "container:Background Engine.xcodeproj">
            </BuildableReference>
         </TestableReference>
         <TestableReference
            skipped = "NO"
            parallelizable = "NO">
            <BuildableReference
               BuildableIdentifier = "primary"
               BlueprintIdentifier = "4F91E1C32DDB16A238E3065F"
               BuildableName = "BackgroundEngineUITests.xctest"
               BlueprintName = "BackgroundEngineUITests"
               ReferencedContainer = "container:Background Engine.xcodeproj">
            </BuildableReference>
         </TestableReference>
      </Testables>
      <CommandLineArguments>
      </CommandLineArguments>
      <EnvironmentVariables>
         <EnvironmentVariable
            key = "BACKGROUND_ENGINE_FFMPEG"
            value = "$(BACKGROUND_ENGINE_TEST_FFMPEG)"
            isEnabled = "YES">
         </EnvironmentVariable>
         <EnvironmentVariable
            key = "BACKGROUND_ENGINE_FFPROBE"
            value = "$(BACKGROUND_ENGINE_TEST_FFPROBE)"
            isEnabled = "YES">
         </EnvironmentVariable>
      </EnvironmentVariables>
   </TestAction>
   <LaunchAction
      buildConfiguration = "Debug"
      selectedDebuggerIdentifier = "Xcode.DebuggerFoundation.Debugger.LLDB"
      selectedLauncherIdentifier = "Xcode.DebuggerFoundation.Launcher.LLDB"
      launchStyle = "0"
      useCustomWorkingDirectory = "NO"
      ignoresPersistentStateOnLaunch = "NO"
      debugDocumentVersioning = "YES"
      debugServiceExtension = "internal"
      allowLocationSimulation = "YES">
      <BuildableProductRunnable
         runnableDebuggingMode = "0">
         <BuildableReference
            BuildableIdentifier = "primary"
            BlueprintIdentifier = "5070ECADF22B931C3E6CEB06"
            BuildableName = "Background Engine.app"
            BlueprintName = "BackgroundEngineApp"
            ReferencedContainer = "container:Background Engine.xcodeproj">
         </BuildableReference>
      </BuildableProductRunnable>
   </LaunchAction>
   <ProfileAction
      buildConfiguration = "Release"
      shouldUseLaunchSchemeArgsEnv = "YES"
      savedToolIdentifier = ""
      useCustomWorkingDirectory = "NO"
      debugDocumentVersioning = "YES">
      <BuildableProductRunnable
         runnableDebuggingMode = "0">
         <BuildableReference
            BuildableIdentifier = "primary"
            BlueprintIdentifier = "5070ECADF22B931C3E6CEB06"
            BuildableName = "Background Engine.app"
            BlueprintName = "BackgroundEngineApp"
            ReferencedContainer = "container:Background Engine.xcodeproj">
         </BuildableReference>
      </BuildableProductRunnable>
   </ProfileAction>
   <AnalyzeAction
      buildConfiguration = "Debug">
   </AnalyzeAction>
   <ArchiveAction
      buildConfiguration = "Release"
      revealArchiveInOrganizer = "YES">
   </ArchiveAction>
</Scheme>
